
Microsoft Visual Studio Solution File, Format Version 12.00
# Visual Studio 15
VisualStudioVersion = 15.0.27004.2005
MinimumVisualStudioVersion = 10.0.40219.1
Project("{8BC9CEB8-8B4A-11D0-8D11-00A0C91BC942}") = "Pong", "Pong\Pong.vcxproj", "{B13A87B9-4E9A-4F45-8C7D-5A4A27E4A86A}"
EndProject
Project("{8BC9CEB8-8B4A-11D0-8D11-00A0C91BC942}") = "PongS", "PongS\PongS.vcxproj", "{B7A80C46-F82B-4316-AAB4-90973129FBAF}"
EndProject
Global
	GlobalSection(SolutionConfigurationPlatforms) = preSolution
		Debug|x64 = Debug|x64
		Debug|x86 = Debug|x86
		Release|x64 = Release|x64
		Release|x86 = Release|x86
	EndGlobalSection
	GlobalSection(ProjectConfigurationPlatforms) = postSolution
		{B13A87B9-4E9A-4F45-8C7D-5A4A27E4A86A}.Debug|x64.ActiveCfg = Debug|x64
		{B13A87B9-4E9A-4F45-8C7D-5A4A27E4A86A}.Debug|x64.Build.0 = Debug|x64
		{B13A87B9-4E9A-4F45-8C7D-5A4A27E4A86A}.Debug|x86.ActiveCfg = Debug|Win32
		{B13A87B9-4E9A-4F45-8C7D-5A4A27E4A86A}.Debug|x86.Build.0 = Debug|Win32
		{B13A87B9-4E9A-4F45-8C7D-5A4A27E4A86A}.Release|x64.ActiveCfg = Release|x64
		{B13A87B9-4E9A-4F45-8C7D-5A4A27E4A86A}.Release|x64.Build.0 = Release|x64
		{B13A87B9-4E9A-4F45-8C7D-5A4A27E4A86A}.Release|x86.ActiveCfg = Release|Win32
		{B13A87B9-4E9A-4F45-8C7D-5A4A27E4A86A}.Release|x86.Build.0 = Release|Win32
		{B7A80C46-F82B-4316-AAB4-90973129FBAF}.Debug|x64.ActiveCfg = Debug|x64
		{B7A80C46-F82B-4316-AAB4-90973129FBAF}.Debug|x64.Build.0 = Debug|x64
		{B7A80C46-F82B-4316-AAB4-90973129FBAF}.Debug|x86.ActiveCfg = Debug|Win32
		{B7A80C46-F82B-4316-AAB4-90973129FBAF}.Debug|x86.Build.0 = Debug|Win32
		{B7A80C46-F82B-4316-AAB4-90973129FBAF}.Release|x64.ActiveCfg = Release|x64
		{B7A80C46-F82B-4316-AAB4-90973129FBAF}.Release|x64.Build.0 = Release|x64
		{B7A80C46-F82B-4316-AAB4-90973129FBAF}.Release|x86.ActiveCfg = Release|Win32
		{B7A80C46-F82B-4316-AAB4-90973129FBAF}.Release|x86.Build.0 = Release|Win32
	EndGlobalSection
	GlobalSection(SolutionProperties) = preSolution
		HideSolutionNode = FALSE
	EndGlobalSection
	GlobalSection(ExtensibilityGlobals) = postSolution
		SolutionGuid = {9BB189FB-F1E6-416A-AD9E-1FEABEED207F}
	EndGlobalSection
EndGlobal
